
Microsoft Visual Studio Solution File, Format Version 12.00
# Visual Studio 15
VisualStudioVersion = 15.0.27428.2037
MinimumVisualStudioVersion = 10.0.40219.1
Project("{FAE04EC0-301F-11D3-BF4B-00C04F79EFBC}") = "ToDoRazorApp", "ToDoRazorApp\ToDoRazorApp.csproj", "{4140C5ED-C42C-48BA-A1EF-FA2483AAE933}"
EndProject
Global
	GlobalSection(SolutionConfigurationPlatforms) = preSolution
		Debug|Any CPU = Debug|Any CPU
		Release|Any CPU = Release|Any CPU
	EndGlobalSection
	GlobalSection(ProjectConfigurationPlatforms) = postSolution
		{4140C5ED-C42C-48BA-A1EF-FA2483AAE933}.Debug|Any CPU.ActiveCfg = Debug|Any CPU
		{4140C5ED-C42C-48BA-A1EF-FA2483AAE933}.Debug|Any CPU.Build.0 = Debug|Any CPU
		{4140C5ED-C42C-48BA-A1EF-FA2483AAE933}.Release|Any CPU.ActiveCfg = Release|Any CPU
		{4140C5ED-C42C-48BA-A1EF-FA2483AAE933}.Release|Any CPU.Build.0 = Release|Any CPU
	EndGlobalSection
	GlobalSection(SolutionProperties) = preSolution
		HideSolutionNode = FALSE
	EndGlobalSection
	GlobalSection(ExtensibilityGlobals) = postSolution
		SolutionGuid = {B13BD719-DBF0-4386-8494-FE138F59777E}
	EndGlobalSection
EndGlobal
